
Microsoft Visual Studio Solution File, Format Version 12.00
# Visual Studio Version 17
VisualStudioVersion = 17.3.32922.545
MinimumVisualStudioVersion = 10.0.40219.1
Project("{9A19103F-16F7-4668-BE54-9A1E7A4F7556}") = "DotNet_Api", "DotNet_Api\DotNet_Api.csproj", "{83374F7C-8D58-4A3F-A6A6-FFB44BE47100}"
	ProjectSection(ProjectDependencies) = postProject
		{E17B995E-2DFB-4146-A82B-F5F714CCF1D3} = {E17B995E-2DFB-4146-A82B-F5F714CCF1D3}
	EndProjectSection
EndProject
Project("{9A19103F-16F7-4668-BE54-9A1E7A4F7556}") = "DotNet_DataAccess", "DotNet_DataAccess\DotNet_DataAccess.csproj", "{E17B995E-2DFB-4146-A82B-F5F714CCF1D3}"
EndProject
Project("{FAE04EC0-301F-11D3-BF4B-00C04F79EFBC}") = "Dotnet_Model", "Dotnet_Model\Dotnet_Model.csproj", "{99415514-09B5-4E1E-8C38-15E07F103F06}"
EndProject
Global
	GlobalSection(SolutionConfigurationPlatforms) = preSolution
		Debug|Any CPU = Debug|Any CPU
		Release|Any CPU = Release|Any CPU
	EndGlobalSection
	GlobalSection(ProjectConfigurationPlatforms) = postSolution
		{83374F7C-8D58-4A3F-A6A6-FFB44BE47100}.Debug|Any CPU.ActiveCfg = Debug|Any CPU
		{83374F7C-8D58-4A3F-A6A6-FFB44BE47100}.Debug|Any CPU.Build.0 = Debug|Any CPU
		{83374F7C-8D58-4A3F-A6A6-FFB44BE47100}.Release|Any CPU.ActiveCfg = Release|Any CPU
		{83374F7C-8D58-4A3F-A6A6-FFB44BE47100}.Release|Any CPU.Build.0 = Release|Any CPU
		{E17B995E-2DFB-4146-A82B-F5F714CCF1D3}.Debug|Any CPU.ActiveCfg = Debug|Any CPU
		{E17B995E-2DFB-4146-A82B-F5F714CCF1D3}.Debug|Any CPU.Build.0 = Debug|Any CPU
		{E17B995E-2DFB-4146-A82B-F5F714CCF1D3}.Release|Any CPU.ActiveCfg = Release|Any CPU
		{E17B995E-2DFB-4146-A82B-F5F714CCF1D3}.Release|Any CPU.Build.0 = Release|Any CPU
		{99415514-09B5-4E1E-8C38-15E07F103F06}.Debug|Any CPU.ActiveCfg = Debug|Any CPU
		{99415514-09B5-4E1E-8C38-15E07F103F06}.Debug|Any CPU.Build.0 = Debug|Any CPU
		{99415514-09B5-4E1E-8C38-15E07F103F06}.Release|Any CPU.ActiveCfg = Release|Any CPU
		{99415514-09B5-4E1E-8C38-15E07F103F06}.Release|Any CPU.Build.0 = Release|Any CPU
	EndGlobalSection
	GlobalSection(SolutionProperties) = preSolution
		HideSolutionNode = FALSE
	EndGlobalSection
	GlobalSection(ExtensibilityGlobals) = postSolution
		SolutionGuid = {E5E4B936-1BE9-4258-876B-385EC31FCE82}
	EndGlobalSection
EndGlobal
